
Microsoft Visual Studio Solution File, Format Version 12.00
# Visual Studio Version 17
VisualStudioVersion = 17.5.33530.505
MinimumVisualStudioVersion = 10.0.40219.1
Project("{FAE04EC0-301F-11D3-BF4B-00C04F79EFBC}") = "HeicToPNG", "HeicToPNG\HeicToPNG.csproj", "{6F3D69C6-2FEA-491C-8F32-897751FE8766}"
EndProject
Global
	GlobalSection(SolutionConfigurationPlatforms) = preSolution
		Debug|Any CPU = Debug|Any CPU
		Release|Any CPU = Release|Any CPU
	EndGlobalSection
	GlobalSection(ProjectConfigurationPlatforms) = postSolution
		{6F3D69C6-2FEA-491C-8F32-897751FE8766}.Debug|Any CPU.ActiveCfg = Debug|Any CPU
		{6F3D69C6-2FEA-491C-8F32-897751FE8766}.Debug|Any CPU.Build.0 = Debug|Any CPU
		{6F3D69C6-2FEA-491C-8F32-897751FE8766}.Release|Any CPU.ActiveCfg = Release|Any CPU
		{6F3D69C6-2FEA-491C-8F32-897751FE8766}.Release|Any CPU.Build.0 = Release|Any CPU
	EndGlobalSection
	GlobalSection(SolutionProperties) = preSolution
		HideSolutionNode = FALSE
	EndGlobalSection
	GlobalSection(ExtensibilityGlobals) = postSolution
		SolutionGuid = {63303FF6-364B-4105-B050-4666EC866CAB}
	EndGlobalSection
EndGlobal
